// !$*UTF8*$!
{
	archiveVersion = 1;
	classes = {
	};
	objectVersion = 55;
	objects = {

/* Begin PBXBuildFile section */
		0C8223BECFB999646EC558F9 /* Pods_Mobilium.framework in Frameworks */ = {isa = PBXBuildFile; fileRef = CBD66137EF57856CA3FD0D49 /* Pods_Mobilium.framework */; };
		3F014F5328D4F513004BBE58 /* Webservice.swift in Sources */ = {isa = PBXBuildFile; fileRef = 3F014F5228D4F513004BBE58 /* Webservice.swift */; };
		3F014F5528D50994004BBE58 /* Constant.swift in Sources */ = {isa = PBXBuildFile; fileRef = 3F014F5428D50994004BBE58 /* Constant.swift */; };
		3F014F5928D5115C004BBE58 /* NowPlaying.swift in Sources */ = {isa = PBXBuildFile; fileRef = 3F014F5828D5115C004BBE58 /* NowPlaying.swift */; };
		3F014F5B28D52045004BBE58 /* Upcoming.swift in Sources */ = {isa = PBXBuildFile; fileRef = 3F014F5A28D52045004BBE58 /* Upcoming.swift */; };
		3F014F5D28D520A5004BBE58 /* Movie.swift in Sources */ = {isa = PBXBuildFile; fileRef = 3F014F5C28D520A5004BBE58 /* Movie.swift */; };
		3F014F6428D53249004BBE58 /* HomeTableViewCell.swift in Sources */ = {isa = PBXBuildFile; fileRef = 3F014F6328D53249004BBE58 /* HomeTableViewCell.swift */; };
		3F014F6628D53259004BBE58 /* HomeCollectionViewCell.swift in Sources */ = {isa = PBXBuildFile; fileRef = 3F014F6528D53259004BBE58 /* HomeCollectionViewCell.swift */; };
		3F5642E128D7B74C008A0EB0 /* SF-Pro-Text-Regular.otf in Resources */ = {isa = PBXBuildFile; fileRef = 3F5642DE28D7B74C008A0EB0 /* SF-Pro-Text-Regular.otf */; };
		3F5642E228D7B74C008A0EB0 /* SF-Pro-Text-Semibold.otf in Resources */ = {isa = PBXBuildFile; fileRef = 3F5642DF28D7B74C008A0EB0 /* SF-Pro-Text-Semibold.otf */; };
		3F5642E328D7B74C008A0EB0 /* SF-Pro-Text-Bold.otf in Resources */ = {isa = PBXBuildFile; fileRef = 3F5642E028D7B74C008A0EB0 /* SF-Pro-Text-Bold.otf */; };
		3F5642E528D7BBA5008A0EB0 /* SF-Pro-Display-Bold.otf in Resources */ = {isa = PBXBuildFile; fileRef = 3F5642E428D7BBA5008A0EB0 /* SF-Pro-Display-Bold.otf */; };
		3FA05D4228D4EAD5007810C8 /* AppDelegate.swift in Sources */ = {isa = PBXBuildFile; fileRef = 3FA05D4128D4EAD5007810C8 /* AppDelegate.swift */; };
		3FA05D4428D4EAD5007810C8 /* SceneDelegate.swift in Sources */ = {isa = PBXBuildFile; fileRef = 3FA05D4328D4EAD5007810C8 /* SceneDelegate.swift */; };
		3FA05D4628D4EAD5007810C8 /* HomeViewController.swift in Sources */ = {isa = PBXBuildFile; fileRef = 3FA05D4528D4EAD5007810C8 /* HomeViewController.swift */; };
		3FA05D4B28D4EAD6007810C8 /* Assets.xcassets in Resources */ = {isa = PBXBuildFile; fileRef = 3FA05D4A28D4EAD6007810C8 /* Assets.xcassets */; };
		3FA05D4E28D4EAD6007810C8 /* LaunchScreen.storyboard in Resources */ = {isa = PBXBuildFile; fileRef = 3FA05D4C28D4EAD6007810C8 /* LaunchScreen.storyboard */; };
		3FA05D5D28D4EB78007810C8 /* HomeViewModel.swift in Sources */ = {isa = PBXBuildFile; fileRef = 3FA05D5C28D4EB78007810C8 /* HomeViewModel.swift */; };
		3FA05D6228D4EBC9007810C8 /* HomeDetailViewController.swift in Sources */ = {isa = PBXBuildFile; fileRef = 3FA05D6128D4EBC9007810C8 /* HomeDetailViewController.swift */; };
		3FA05D6428D4EBDD007810C8 /* HomeDetailViewModel.swift in Sources */ = {isa = PBXBuildFile; fileRef = 3FA05D6328D4EBDD007810C8 /* HomeDetailViewModel.swift */; };
		3FA05D6A28D4EF51007810C8 /* NetworkService.swift in Sources */ = {isa = PBXBuildFile; fileRef = 3FA05D6928D4EF51007810C8 /* NetworkService.swift */; };
		3FA7DF3728D6839B00E697C3 /* Helpers.swift in Sources */ = {isa = PBXBuildFile; fileRef = 3FA7DF3628D6839B00E697C3 /* Helpers.swift */; };
/* End PBXBuildFile section */

/* Begin PBXFileReference section */
		3F014F5228D4F513004BBE58 /* Webservice.swift */ = {isa = PBXFileReference; lastKnownFileType = sourcecode.swift; path = Webservice.swift; sourceTree = "<group>"; };
		3F014F5428D50994004BBE58 /* Constant.swift */ = {isa = PBXFileReference; lastKnownFileType = sourcecode.swift; path = Constant.swift; sourceTree = "<group>"; };
		3F014F5828D5115C004BBE58 /* NowPlaying.swift */ = {isa = PBXFileReference; lastKnownFileType = sourcecode.swift; path = NowPlaying.swift; sourceTree = "<group>"; };
		3F014F5A28D52045004BBE58 /* Upcoming.swift */ = {isa = PBXFileReference; lastKnownFileType = sourcecode.swift; path = Upcoming.swift; sourceTree = "<group>"; };
		3F014F5C28D520A5004BBE58 /* Movie.swift */ = {isa = PBXFileReference; lastKnownFileType = sourcecode.swift; path = Movie.swift; sourceTree = "<group>"; };
		3F014F6328D53249004BBE58 /* HomeTableViewCell.swift */ = {isa = PBXFileReference; lastKnownFileType = sourcecode.swift; path = HomeTableViewCell.swift; sourceTree = "<group>"; };
		3F014F6528D53259004BBE58 /* HomeCollectionViewCell.swift */ = {isa = PBXFileReference; lastKnownFileType = sourcecode.swift; path = HomeCollectionViewCell.swift; sourceTree = "<group>"; };
		3F5642DE28D7B74C008A0EB0 /* SF-Pro-Text-Regular.otf */ = {isa = PBXFileReference; lastKnownFileType = file; path = "SF-Pro-Text-Regular.otf"; sourceTree = "<group>"; };
		3F5642DF28D7B74C008A0EB0 /* SF-Pro-Text-Semibold.otf */ = {isa = PBXFileReference; lastKnownFileType = file; path = "SF-Pro-Text-Semibold.otf"; sourceTree = "<group>"; };
		3F5642E028D7B74C008A0EB0 /* SF-Pro-Text-Bold.otf */ = {isa = PBXFileReference; lastKnownFileType = file; path = "SF-Pro-Text-Bold.otf"; sourceTree = "<group>"; };
		3F5642E428D7BBA5008A0EB0 /* SF-Pro-Display-Bold.otf */ = {isa = PBXFileReference; lastKnownFileType = file; path = "SF-Pro-Display-Bold.otf"; sourceTree = "<group>"; };
		3FA05D3E28D4EAD5007810C8 /* Mobilium.app */ = {isa = PBXFileReference; explicitFileType = wrapper.application; includeInIndex = 0; path = Mobilium.app; sourceTree = BUILT_PRODUCTS_DIR; };
		3FA05D4128D4EAD5007810C8 /* AppDelegate.swift */ = {isa = PBXFileReference; lastKnownFileType = sourcecode.swift; path = AppDelegate.swift; sourceTree = "<group>"; };
		3FA05D4328D4EAD5007810C8 /* SceneDelegate.swift */ = {isa = PBXFileReference; lastKnownFileType = sourcecode.swift; path = SceneDelegate.swift; sourceTree = "<group>"; };
		3FA05D4528D4EAD5007810C8 /* HomeViewController.swift */ = {isa = PBXFileReference; lastKnownFileType = sourcecode.swift; path = HomeViewController.swift; sourceTree = "<group>"; };
		3FA05D4A28D4EAD6007810C8 /* Assets.xcassets */ = {isa = PBXFileReference; lastKnownFileType = folder.assetcatalog; path = Assets.xcassets; sourceTree = "<group>"; };
		3FA05D4D28D4EAD6007810C8 /* Base */ = {isa = PBXFileReference; lastKnownFileType = file.storyboard; name = Base; path = Base.lproj/LaunchScreen.storyboard; sourceTree = "<group>"; };
		3FA05D4F28D4EAD6007810C8 /* Info.plist */ = {isa = PBXFileReference; lastKnownFileType = text.plist.xml; path = Info.plist; sourceTree = "<group>"; };
		3FA05D5C28D4EB78007810C8 /* HomeViewModel.swift */ = {isa = PBXFileReference; lastKnownFileType = sourcecode.swift; path = HomeViewModel.swift; sourceTree = "<group>"; };
		3FA05D6128D4EBC9007810C8 /* HomeDetailViewController.swift */ = {isa = PBXFileReference; lastKnownFileType = sourcecode.swift; path = HomeDetailViewController.swift; sourceTree = "<group>"; };
		3FA05D6328D4EBDD007810C8 /* HomeDetailViewModel.swift */ = {isa = PBXFileReference; lastKnownFileType = sourcecode.swift; path = HomeDetailViewModel.swift; sourceTree = "<group>"; };
		3FA05D6928D4EF51007810C8 /* NetworkService.swift */ = {isa = PBXFileReference; lastKnownFileType = sourcecode.swift; path = NetworkService.swift; sourceTree = "<group>"; };
		3FA7DF3628D6839B00E697C3 /* Helpers.swift */ = {isa = PBXFileReference; lastKnownFileType = sourcecode.swift; path = Helpers.swift; sourceTree = "<group>"; };
		793FC6EF9304A4A96819206B /* Pods-Mobilium.release.xcconfig */ = {isa = PBXFileReference; includeInIndex = 1; lastKnownFileType = text.xcconfig; name = "Pods-Mobilium.release.xcconfig"; path = "Target Support Files/Pods-Mobilium/Pods-Mobilium.release.xcconfig"; sourceTree = "<group>"; };
		9A8940DF9373BE0781AF1D81 /* Pods-Mobilium.debug.xcconfig */ = {isa = PBXFileReference; includeInIndex = 1; lastKnownFileType = text.xcconfig; name = "Pods-Mobilium.debug.xcconfig"; path = "Target Support Files/Pods-Mobilium/Pods-Mobilium.debug.xcconfig"; sourceTree = "<group>"; };
		CBD66137EF57856CA3FD0D49 /* Pods_Mobilium.framework */ = {isa = PBXFileReference; explicitFileType = wrapper.framework; includeInIndex = 0; path = Pods_Mobilium.framework; sourceTree = BUILT_PRODUCTS_DIR; };
/* End PBXFileReference section */

/* Begin PBXFrameworksBuildPhase section */
		3FA05D3B28D4EAD5007810C8 /* Frameworks */ = {
			isa = PBXFrameworksBuildPhase;
			buildActionMask = 2147483647;
			files = (
				0C8223BECFB999646EC558F9 /* Pods_Mobilium.framework in Frameworks */,
			);
			runOnlyForDeploymentPostprocessing = 0;
		};
/* End PBXFrameworksBuildPhase section */

/* Begin PBXGroup section */
		089D89B93B33789F9CF4D065 /* Frameworks */ = {
			isa = PBXGroup;
			children = (
				CBD66137EF57856CA3FD0D49 /* Pods_Mobilium.framework */,
			);
			name = Frameworks;
			sourceTree = "<group>";
		};
		0BE24D215C85DF84D6E384D7 /* Pods */ = {
			isa = PBXGroup;
			children = (
				9A8940DF9373BE0781AF1D81 /* Pods-Mobilium.debug.xcconfig */,
				793FC6EF9304A4A96819206B /* Pods-Mobilium.release.xcconfig */,
			);
			path = Pods;
			sourceTree = "<group>";
		};
		3F014F5F28D531EA004BBE58 /* HomeCollectionView */ = {
			isa = PBXGroup;
			children = (
				3F014F6528D53259004BBE58 /* HomeCollectionViewCell.swift */,
			);
			path = HomeCollectionView;
			sourceTree = "<group>";
		};
		3F014F6028D531F3004BBE58 /* HomeTableView */ = {
			isa = PBXGroup;
			children = (
				3F014F6328D53249004BBE58 /* HomeTableViewCell.swift */,
			);
			path = HomeTableView;
			sourceTree = "<group>";
		};
		3F5642DD28D7B73D008A0EB0 /* Font */ = {
			isa = PBXGroup;
			children = (
				3F5642E028D7B74C008A0EB0 /* SF-Pro-Text-Bold.otf */,
				3F5642DE28D7B74C008A0EB0 /* SF-Pro-Text-Regular.otf */,
				3F5642DF28D7B74C008A0EB0 /* SF-Pro-Text-Semibold.otf */,
				3F5642E428D7BBA5008A0EB0 /* SF-Pro-Display-Bold.otf */,
			);
			path = Font;
			sourceTree = "<group>";
		};
		3FA05D3528D4EAD5007810C8 = {
			isa = PBXGroup;
			children = (
				3FA05D4028D4EAD5007810C8 /* Mobilium */,
				3FA05D3F28D4EAD5007810C8 /* Products */,
				0BE24D215C85DF84D6E384D7 /* Pods */,
				089D89B93B33789F9CF4D065 /* Frameworks */,
			);
			sourceTree = "<group>";
		};
		3FA05D3F28D4EAD5007810C8 /* Products */ = {
			isa = PBXGroup;
			children = (
				3FA05D3E28D4EAD5007810C8 /* Mobilium.app */,
			);
			name = Products;
			sourceTree = "<group>";
		};
		3FA05D4028D4EAD5007810C8 /* Mobilium */ = {
			isa = PBXGroup;
			children = (
				3FA05D5728D4EAE7007810C8 /* App */,
				3FA05D5928D4EAF5007810C8 /* Support */,
				3FA05D5828D4EAEC007810C8 /* Network */,
				3FA05D5528D4EADA007810C8 /* Model */,
				3FA05D5628D4EAE0007810C8 /* Scenes */,
			);
			path = Mobilium;
			sourceTree = "<group>";
		};
		3FA05D5528D4EADA007810C8 /* Model */ = {
			isa = PBXGroup;
			children = (
				3F014F5828D5115C004BBE58 /* NowPlaying.swift */,
				3F014F5A28D52045004BBE58 /* Upcoming.swift */,
				3F014F5C28D520A5004BBE58 /* Movie.swift */,
			);
			path = Model;
			sourceTree = "<group>";
		};
		3FA05D5628D4EAE0007810C8 /* Scenes */ = {
			isa = PBXGroup;
			children = (
				3FA05D5A28D4EB2D007810C8 /* Home */,
			);
			path = Scenes;
			sourceTree = "<group>";
		};
		3FA05D5728D4EAE7007810C8 /* App */ = {
			isa = PBXGroup;
			children = (
				3F5642DD28D7B73D008A0EB0 /* Font */,
				3FA05D4128D4EAD5007810C8 /* AppDelegate.swift */,
				3FA05D4328D4EAD5007810C8 /* SceneDelegate.swift */,
				3FA05D4A28D4EAD6007810C8 /* Assets.xcassets */,
				3FA05D4C28D4EAD6007810C8 /* LaunchScreen.storyboard */,
			);
			path = App;
			sourceTree = "<group>";
		};
		3FA05D5828D4EAEC007810C8 /* Network */ = {
			isa = PBXGroup;
			children = (
				3FA05D6828D4EF40007810C8 /* Network */,
				3FA05D6728D4EF38007810C8 /* Webservice */,
			);
			path = Network;
			sourceTree = "<group>";
		};
		3FA05D5928D4EAF5007810C8 /* Support */ = {
			isa = PBXGroup;
			children = (
				3FA05D4F28D4EAD6007810C8 /* Info.plist */,
				3F014F5428D50994004BBE58 /* Constant.swift */,
				3FA7DF3628D6839B00E697C3 /* Helpers.swift */,
			);
			path = Support;
			sourceTree = "<group>";
		};
		3FA05D5A28D4EB2D007810C8 /* Home */ = {
			isa = PBXGroup;
			children = (
				3FA05D6028D4EB9F007810C8 /* HomeView */,
				3FA05D5F28D4EB8B007810C8 /* HomeDetailView */,
			);
			path = Home;
			sourceTree = "<group>";
		};
		3FA05D5F28D4EB8B007810C8 /* HomeDetailView */ = {
			isa = PBXGroup;
			children = (
				3FA05D6128D4EBC9007810C8 /* HomeDetailViewController.swift */,
				3FA05D6328D4EBDD007810C8 /* HomeDetailViewModel.swift */,
			);
			path = HomeDetailView;
			sourceTree = "<group>";
		};
		3FA05D6028D4EB9F007810C8 /* HomeView */ = {
			isa = PBXGroup;
			children = (
				3F014F6028D531F3004BBE58 /* HomeTableView */,
				3F014F5F28D531EA004BBE58 /* HomeCollectionView */,
				3FA05D4528D4EAD5007810C8 /* HomeViewController.swift */,
				3FA05D5C28D4EB78007810C8 /* HomeViewModel.swift */,
			);
			path = HomeView;
			sourceTree = "<group>";
		};
		3FA05D6728D4EF38007810C8 /* Webservice */ = {
			isa = PBXGroup;
			children = (
				3F014F5228D4F513004BBE58 /* Webservice.swift */,
			);
			path = Webservice;
			sourceTree = "<group>";
		};
		3FA05D6828D4EF40007810C8 /* Network */ = {
			isa = PBXGroup;
			children = (
				3FA05D6928D4EF51007810C8 /* NetworkService.swift */,
			);
			path = Network;
			sourceTree = "<group>";
		};
/* End PBXGroup section */

/* Begin PBXNativeTarget section */
		3FA05D3D28D4EAD5007810C8 /* Mobilium */ = {
			isa = PBXNativeTarget;
			buildConfigurationList = 3FA05D5228D4EAD6007810C8 /* Build configuration list for PBXNativeTarget "Mobilium" */;
			buildPhases = (
				91054EFD90DDD4EE0CC40BC1 /* [CP] Check Pods Manifest.lock */,
				3FA05D3A28D4EAD5007810C8 /* Sources */,
				3FA05D3B28D4EAD5007810C8 /* Frameworks */,
				3FA05D3C28D4EAD5007810C8 /* Resources */,
				E5001E13A6EDD98A8D0E18A4 /* [CP] Embed Pods Frameworks */,
			);
			buildRules = (
			);
			dependencies = (
			);
			name = Mobilium;
			productName = Mobilium;
			productReference = 3FA05D3E28D4EAD5007810C8 /* Mobilium.app */;
			productType = "com.apple.product-type.application";
		};
/* End PBXNativeTarget section */

/* Begin PBXProject section */
		3FA05D3628D4EAD5007810C8 /* Project object */ = {
			isa = PBXProject;
			attributes = {
				BuildIndependentTargetsInParallel = 1;
				LastSwiftUpdateCheck = 1340;
				LastUpgradeCheck = 1340;
				TargetAttributes = {
					3FA05D3D28D4EAD5007810C8 = {
						CreatedOnToolsVersion = 13.4.1;
					};
				};
			};
			buildConfigurationList = 3FA05D3928D4EAD5007810C8 /* Build configuration list for PBXProject "Mobilium" */;
			compatibilityVersion = "Xcode 13.0";
			developmentRegion = en;
			hasScannedForEncodings = 0;
			knownRegions = (
				en,
				Base,
			);
			mainGroup = 3FA05D3528D4EAD5007810C8;
			productRefGroup = 3FA05D3F28D4EAD5007810C8 /* Products */;
			projectDirPath = "";
			projectRoot = "";
			targets = (
				3FA05D3D28D4EAD5007810C8 /* Mobilium */,
			);
		};
/* End PBXProject section */

/* Begin PBXResourcesBuildPhase section */
		3FA05D3C28D4EAD5007810C8 /* Resources */ = {
			isa = PBXResourcesBuildPhase;
			buildActionMask = 2147483647;
			files = (
				3F5642E228D7B74C008A0EB0 /* SF-Pro-Text-Semibold.otf in Resources */,
				3F5642E328D7B74C008A0EB0 /* SF-Pro-Text-Bold.otf in Resources */,
				3F5642E528D7BBA5008A0EB0 /* SF-Pro-Display-Bold.otf in Resources */,
				3F5642E128D7B74C008A0EB0 /* SF-Pro-Text-Regular.otf in Resources */,
				3FA05D4E28D4EAD6007810C8 /* LaunchScreen.storyboard in Resources */,
				3FA05D4B28D4EAD6007810C8 /* Assets.xcassets in Resources */,
			);
			runOnlyForDeploymentPostprocessing = 0;
		};
/* End PBXResourcesBuildPhase section */

/* Begin PBXShellScriptBuildPhase section */
		91054EFD90DDD4EE0CC40BC1 /* [CP] Check Pods Manifest.lock */ = {
			isa = PBXShellScriptBuildPhase;
			buildActionMask = 2147483647;
			files = (
			);
			inputFileListPaths = (
			);
			inputPaths = (
				"${PODS_PODFILE_DIR_PATH}/Podfile.lock",
				"${PODS_ROOT}/Manifest.lock",
			);
			name = "[CP] Check Pods Manifest.lock";
			outputFileListPaths = (
			);
			outputPaths = (
				"$(DERIVED_FILE_DIR)/Pods-Mobilium-checkManifestLockResult.txt",
			);
			runOnlyForDeploymentPostprocessing = 0;
			shellPath = /bin/sh;
			shellScript = "diff \"${PODS_PODFILE_DIR_PATH}/Podfile.lock\" \"${PODS_ROOT}/Manifest.lock\" > /dev/null\nif [ $? != 0 ] ; then\n    # print error to STDERR\n    echo \"error: The sandbox is not in sync with the Podfile.lock. Run 'pod install' or update your CocoaPods installation.\" >&2\n    exit 1\nfi\n# This output is used by Xcode 'outputs' to avoid re-running this script phase.\necho \"SUCCESS\" > \"${SCRIPT_OUTPUT_FILE_0}\"\n";
			showEnvVarsInLog = 0;
		};
		E5001E13A6EDD98A8D0E18A4 /* [CP] Embed Pods Frameworks */ = {
			isa = PBXShellScriptBuildPhase;
			buildActionMask = 2147483647;
			files = (
			);
			inputFileListPaths = (
				"${PODS_ROOT}/Target Support Files/Pods-Mobilium/Pods-Mobilium-frameworks-${CONFIGURATION}-input-files.xcfilelist",
			);
			name = "[CP] Embed Pods Frameworks";
			outputFileListPaths = (
				"${PODS_ROOT}/Target Support Files/Pods-Mobilium/Pods-Mobilium-frameworks-${CONFIGURATION}-output-files.xcfilelist",
			);
			runOnlyForDeploymentPostprocessing = 0;
			shellPath = /bin/sh;
			shellScript = "\"${PODS_ROOT}/Target Support Files/Pods-Mobilium/Pods-Mobilium-frameworks.sh\"\n";
			showEnvVarsInLog = 0;
		};
/* End PBXShellScriptBuildPhase section */

/* Begin PBXSourcesBuildPhase section */
		3FA05D3A28D4EAD5007810C8 /* Sources */ = {
			isa = PBXSourcesBuildPhase;
			buildActionMask = 2147483647;
			files = (
				3F014F5928D5115C004BBE58 /* NowPlaying.swift in Sources */,
				3FA05D6228D4EBC9007810C8 /* HomeDetailViewController.swift in Sources */,
				3F014F6428D53249004BBE58 /* HomeTableViewCell.swift in Sources */,
				3F014F5D28D520A5004BBE58 /* Movie.swift in Sources */,
				3F014F5B28D52045004BBE58 /* Upcoming.swift in Sources */,
				3FA05D6A28D4EF51007810C8 /* NetworkService.swift in Sources */,
				3FA05D4628D4EAD5007810C8 /* HomeViewController.swift in Sources */,
				3F014F6628D53259004BBE58 /* HomeCollectionViewCell.swift in Sources */,
				3FA05D6428D4EBDD007810C8 /* HomeDetailViewModel.swift in Sources */,
				3FA05D4228D4EAD5007810C8 /* AppDelegate.swift in Sources */,
				3FA7DF3728D6839B00E697C3 /* Helpers.swift in Sources */,
				3FA05D4428D4EAD5007810C8 /* SceneDelegate.swift in Sources */,
				3F014F5528D50994004BBE58 /* Constant.swift in Sources */,
				3FA05D5D28D4EB78007810C8 /* HomeViewModel.swift in Sources */,
				3F014F5328D4F513004BBE58 /* Webservice.swift in Sources */,
			);
			runOnlyForDeploymentPostprocessing = 0;
		};
/* End PBXSourcesBuildPhase section */

/* Begin PBXVariantGroup section */
		3FA05D4C28D4EAD6007810C8 /* LaunchScreen.storyboard */ = {
			isa = PBXVariantGroup;
			children = (
				3FA05D4D28D4EAD6007810C8 /* Base */,
			);
			name = LaunchScreen.storyboard;
			sourceTree = "<group>";
		};
/* End PBXVariantGroup section */

/* Begin XCBuildConfiguration section */
		3FA05D5028D4EAD6007810C8 /* Debug */ = {
			isa = XCBuildConfiguration;
			buildSettings = {
				ALWAYS_SEARCH_USER_PATHS = NO;
				CLANG_ANALYZER_NONNULL = YES;
				CLANG_ANALYZER_NUMBER_OBJECT_CONVERSION = YES_AGGRESSIVE;
				CLANG_CXX_LANGUAGE_STANDARD = "gnu++17";
				CLANG_ENABLE_MODULES = YES;
				CLANG_ENABLE_OBJC_ARC = YES;
				CLANG_ENABLE_OBJC_WEAK = YES;
				CLANG_WARN_BLOCK_CAPTURE_AUTORELEASING = YES;
				CLANG_WARN_BOOL_CONVERSION = YES;
				CLANG_WARN_COMMA = YES;
				CLANG_WARN_CONSTANT_CONVERSION = YES;
				CLANG_WARN_DEPRECATED_OBJC_IMPLEMENTATIONS = YES;
				CLANG_WARN_DIRECT_OBJC_ISA_USAGE = YES_ERROR;
				CLANG_WARN_DOCUMENTATION_COMMENTS = YES;
				CLANG_WARN_EMPTY_BODY = YES;
				CLANG_WARN_ENUM_CONVERSION = YES;
				CLANG_WARN_INFINITE_RECURSION = YES;
				CLANG_WARN_INT_CONVERSION = YES;
				CLANG_WARN_NON_LITERAL_NULL_CONVERSION = YES;
				CLANG_WARN_OBJC_IMPLICIT_RETAIN_SELF = YES;
				CLANG_WARN_OBJC_LITERAL_CONVERSION = YES;
				CLANG_WARN_OBJC_ROOT_CLASS = YES_ERROR;
				CLANG_WARN_QUOTED_INCLUDE_IN_FRAMEWORK_HEADER = YES;
				CLANG_WARN_RANGE_LOOP_ANALYSIS = YES;
				CLANG_WARN_STRICT_PROTOTYPES = YES;
				CLANG_WARN_SUSPICIOUS_MOVE = YES;
				CLANG_WARN_UNGUARDED_AVAILABILITY = YES_AGGRESSIVE;
				CLANG_WARN_UNREACHABLE_CODE = YES;
				CLANG_WARN__DUPLICATE_METHOD_MATCH = YES;
				COPY_PHASE_STRIP = NO;
				DEBUG_INFORMATION_FORMAT = dwarf;
				ENABLE_STRICT_OBJC_MSGSEND = YES;
				ENABLE_TESTABILITY = YES;
				GCC_C_LANGUAGE_STANDARD = gnu11;
				GCC_DYNAMIC_NO_PIC = NO;
				GCC_NO_COMMON_BLOCKS = YES;
				GCC_OPTIMIZATION_LEVEL = 0;
				GCC_PREPROCESSOR_DEFINITIONS = (
					"DEBUG=1",
					"$(inherited)",
				);
				GCC_WARN_64_TO_32_BIT_CONVERSION = YES;
				GCC_WARN_ABOUT_RETURN_TYPE = YES_ERROR;
				GCC_WARN_UNDECLARED_SELECTOR = YES;
				GCC_WARN_UNINITIALIZED_AUTOS = YES_AGGRESSIVE;
				GCC_WARN_UNUSED_FUNCTION = YES;
				GCC_WARN_UNUSED_VARIABLE = YES;
				IPHONEOS_DEPLOYMENT_TARGET = 15.5;
				MTL_ENABLE_DEBUG_INFO = INCLUDE_SOURCE;
				MTL_FAST_MATH = YES;
				ONLY_ACTIVE_ARCH = YES;
				SDKROOT = iphoneos;
				SWIFT_ACTIVE_COMPILATION_CONDITIONS = DEBUG;
				SWIFT_OPTIMIZATION_LEVEL = "-Onone";
			};
			name = Debug;
		};
		3FA05D5128D4EAD6007810C8 /* Release */ = {
			isa = XCBuildConfiguration;
			buildSettings = {
				ALWAYS_SEARCH_USER_PATHS = NO;
				CLANG_ANALYZER_NONNULL = YES;
				CLANG_ANALYZER_NUMBER_OBJECT_CONVERSION = YES_AGGRESSIVE;
				CLANG_CXX_LANGUAGE_STANDARD = "gnu++17";
				CLANG_ENABLE_MODULES = YES;
				CLANG_ENABLE_OBJC_ARC = YES;
				CLANG_ENABLE_OBJC_WEAK = YES;
				CLANG_WARN_BLOCK_CAPTURE_AUTORELEASING = YES;
				CLANG_WARN_BOOL_CONVERSION = YES;
				CLANG_WARN_COMMA = YES;
				CLANG_WARN_CONSTANT_CONVERSION = YES;
				CLANG_WARN_DEPRECATED_OBJC_IMPLEMENTATIONS = YES;
				CLANG_WARN_DIRECT_OBJC_ISA_USAGE = YES_ERROR;
				CLANG_WARN_DOCUMENTATION_COMMENTS = YES;
				CLANG_WARN_EMPTY_BODY = YES;
				CLANG_WARN_ENUM_CONVERSION = YES;
				CLANG_WARN_INFINITE_RECURSION = YES;
				CLANG_WARN_INT_CONVERSION = YES;
				CLANG_WARN_NON_LITERAL_NULL_CONVERSION = YES;
				CLANG_WARN_OBJC_IMPLICIT_RETAIN_SELF = YES;
				CLANG_WARN_OBJC_LITERAL_CONVERSION = YES;
				CLANG_WARN_OBJC_ROOT_CLASS = YES_ERROR;
				CLANG_WARN_QUOTED_INCLUDE_IN_FRAMEWORK_HEADER = YES;
				CLANG_WARN_RANGE_LOOP_ANALYSIS = YES;
				CLANG_WARN_STRICT_PROTOTYPES = YES;
				CLANG_WARN_SUSPICIOUS_MOVE = YES;
				CLANG_WARN_UNGUARDED_AVAILABILITY = YES_AGGRESSIVE;
				CLANG_WARN_UNREACHABLE_CODE = YES;
				CLANG_WARN__DUPLICATE_METHOD_MATCH = YES;
				COPY_PHASE_STRIP = NO;
				DEBUG_INFORMATION_FORMAT = "dwarf-with-dsym";
				ENABLE_NS_ASSERTIONS = NO;
				ENABLE_STRICT_OBJC_MSGSEND = YES;
				GCC_C_LANGUAGE_STANDARD = gnu11;
				GCC_NO_COMMON_BLOCKS = YES;
				GCC_WARN_64_TO_32_BIT_CONVERSION = YES;
				GCC_WARN_ABOUT_RETURN_TYPE = YES_ERROR;
				GCC_WARN_UNDECLARED_SELECTOR = YES;
				GCC_WARN_UNINITIALIZED_AUTOS = YES_AGGRESSIVE;
				GCC_WARN_UNUSED_FUNCTION = YES;
				GCC_WARN_UNUSED_VARIABLE = YES;
				IPHONEOS_DEPLOYMENT_TARGET = 15.5;
				MTL_ENABLE_DEBUG_INFO = NO;
				MTL_FAST_MATH = YES;
				SDKROOT = iphoneos;
				SWIFT_COMPILATION_MODE = wholemodule;
				SWIFT_OPTIMIZATION_LEVEL = "-O";
				VALIDATE_PRODUCT = YES;
			};
			name = Release;
		};
		3FA05D5328D4EAD6007810C8 /* Debug */ = {
			isa = XCBuildConfiguration;
			baseConfigurationReference = 9A8940DF9373BE0781AF1D81 /* Pods-Mobilium.debug.xcconfig */;
			buildSettings = {
				ASSETCATALOG_COMPILER_APPICON_NAME = AppIcon;
				ASSETCATALOG_COMPILER_GLOBAL_ACCENT_COLOR_NAME = AccentColor;
				CODE_SIGN_STYLE = Automatic;
				CURRENT_PROJECT_VERSION = 1;
				DEVELOPMENT_TEAM = 57W84AD39K;
				GENERATE_INFOPLIST_FILE = YES;
				INFOPLIST_FILE = Mobilium/Support/Info.plist;
				INFOPLIST_KEY_UIApplicationSupportsIndirectInputEvents = YES;
				INFOPLIST_KEY_UILaunchStoryboardName = LaunchScreen;
				INFOPLIST_KEY_UISupportedInterfaceOrientations_iPad = "UIInterfaceOrientationPortrait UIInterfaceOrientationPortraitUpsideDown UIInterfaceOrientationLandscapeLeft UIInterfaceOrientationLandscapeRight";
				INFOPLIST_KEY_UISupportedInterfaceOrientations_iPhone = "UIInterfaceOrientationPortrait UIInterfaceOrientationLandscapeLeft UIInterfaceOrientationLandscapeRight";
				LD_RUNPATH_SEARCH_PATHS = (
					"$(inherited)",
					"@executable_path/Frameworks",
				);
				MARKETING_VERSION = 1.0;
				PRODUCT_BUNDLE_IDENTIFIER = com.gurhanyuvarlak.Mobilium;
				PRODUCT_NAME = "$(TARGET_NAME)";
				SWIFT_EMIT_LOC_STRINGS = YES;
				SWIFT_VERSION = 5.0;
				TARGETED_DEVICE_FAMILY = "1,2";
			};
			name = Debug;
		};
		3FA05D5428D4EAD6007810C8 /* Release */ = {
			isa = XCBuildConfiguration;
			baseConfigurationReference = 793FC6EF9304A4A96819206B /* Pods-Mobilium.release.xcconfig */;
			buildSettings = {
				ASSETCATALOG_COMPILER_APPICON_NAME = AppIcon;
				ASSETCATALOG_COMPILER_GLOBAL_ACCENT_COLOR_NAME = AccentColor;
				CODE_SIGN_STYLE = Automatic;
				CURRENT_PROJECT_VERSION = 1;
				DEVELOPMENT_TEAM = 57W84AD39K;
				GENERATE_INFOPLIST_FILE = YES;
				INFOPLIST_FILE = Mobilium/Support/Info.plist;
				INFOPLIST_KEY_UIApplicationSupportsIndirectInputEvents = YES;
				INFOPLIST_KEY_UILaunchStoryboardName = LaunchScreen;
				INFOPLIST_KEY_UISupportedInterfaceOrientations_iPad = "UIInterfaceOrientationPortrait UIInterfaceOrientationPortraitUpsideDown UIInterfaceOrientationLandscapeLeft UIInterfaceOrientationLandscapeRight";
				INFOPLIST_KEY_UISupportedInterfaceOrientations_iPhone = "UIInterfaceOrientationPortrait UIInterfaceOrientationLandscapeLeft UIInterfaceOrientationLandscapeRight";
				LD_RUNPATH_SEARCH_PATHS = (
					"$(inherited)",
					"@executable_path/Frameworks",
				);
				MARKETING_VERSION = 1.0;
				PRODUCT_BUNDLE_IDENTIFIER = com.gurhanyuvarlak.Mobilium;
				PRODUCT_NAME = "$(TARGET_NAME)";
				SWIFT_EMIT_LOC_STRINGS = YES;
				SWIFT_VERSION = 5.0;
				TARGETED_DEVICE_FAMILY = "1,2";
			};
			name = Release;
		};
/* End XCBuildConfiguration section */

/* Begin XCConfigurationList section */
		3FA05D3928D4EAD5007810C8 /* Build configuration list for PBXProject "Mobilium" */ = {
			isa = XCConfigurationList;
			buildConfigurations = (
				3FA05D5028D4EAD6007810C8 /* Debug */,
				3FA05D5128D4EAD6007810C8 /* Release */,
			);
			defaultConfigurationIsVisible = 0;
			defaultConfigurationName = Release;
		};
		3FA05D5228D4EAD6007810C8 /* Build configuration list for PBXNativeTarget "Mobilium" */ = {
			isa = XCConfigurationList;
			buildConfigurations = (
				3FA05D5328D4EAD6007810C8 /* Debug */,
				3FA05D5428D4EAD6007810C8 /* Release */,
			);
			defaultConfigurationIsVisible = 0;
			defaultConfigurationName = Release;
		};
/* End XCConfigurationList section */
	};
	rootObject = 3FA05D3628D4EAD5007810C8 /* Project object */;
}
